
Microsoft Visual Studio Solution File, Format Version 12.00
# Visual Studio Version 16
VisualStudioVersion = 25.0.1706.0
MinimumVisualStudioVersion = 10.0.40219.1
Project("{FAE04EC0-301F-11D3-BF4B-00C04F79EFBC}") = "ticket_server", "ticket_server.csproj", "{D02334B1-90C0-4ED9-95D9-838943F197B1}"
EndProject
Global
	GlobalSection(SolutionConfigurationPlatforms) = preSolution
		Debug|Any CPU = Debug|Any CPU
		Release|Any CPU = Release|Any CPU
	EndGlobalSection
	GlobalSection(ProjectConfigurationPlatforms) = postSolution
		{D02334B1-90C0-4ED9-95D9-838943F197B1}.Debug|Any CPU.ActiveCfg = Debug|Any CPU
		{D02334B1-90C0-4ED9-95D9-838943F197B1}.Debug|Any CPU.Build.0 = Debug|Any CPU
		{D02334B1-90C0-4ED9-95D9-838943F197B1}.Release|Any CPU.ActiveCfg = Release|Any CPU
		{D02334B1-90C0-4ED9-95D9-838943F197B1}.Release|Any CPU.Build.0 = Release|Any CPU
	EndGlobalSection
	GlobalSection(SolutionProperties) = preSolution
		HideSolutionNode = FALSE
	EndGlobalSection
	GlobalSection(ExtensibilityGlobals) = postSolution
		SolutionGuid = {E854261A-3289-4838-96F4-C5C89C67C693}
	EndGlobalSection
EndGlobal
